
Microsoft Visual Studio Solution File, Format Version 12.00
# Visual Studio Version 16
VisualStudioVersion = 16.0.31313.79
MinimumVisualStudioVersion = 10.0.40219.1
Project("{FAE04EC0-301F-11D3-BF4B-00C04F79EFBC}") = "Address__Book", "Address__Book\Address__Book.csproj", "{E5D3EB9C-42F2-4C15-89D2-A008E14FB6CC}"
EndProject
Global
	GlobalSection(SolutionConfigurationPlatforms) = preSolution
		Debug|Any CPU = Debug|Any CPU
		Release|Any CPU = Release|Any CPU
	EndGlobalSection
	GlobalSection(ProjectConfigurationPlatforms) = postSolution
		{E5D3EB9C-42F2-4C15-89D2-A008E14FB6CC}.Debug|Any CPU.ActiveCfg = Debug|Any CPU
		{E5D3EB9C-42F2-4C15-89D2-A008E14FB6CC}.Debug|Any CPU.Build.0 = Debug|Any CPU
		{E5D3EB9C-42F2-4C15-89D2-A008E14FB6CC}.Release|Any CPU.ActiveCfg = Release|Any CPU
		{E5D3EB9C-42F2-4C15-89D2-A008E14FB6CC}.Release|Any CPU.Build.0 = Release|Any CPU
	EndGlobalSection
	GlobalSection(SolutionProperties) = preSolution
		HideSolutionNode = FALSE
	EndGlobalSection
	GlobalSection(ExtensibilityGlobals) = postSolution
		SolutionGuid = {F3D68E8D-2BEE-43ED-844B-527F1A83CAC1}
	EndGlobalSection
EndGlobal
